github.com/shogo82148/go-mecab v0.0.8 h1:a250wT61zR8hl+K4wCv6vZbvGFIwaVR8/2VTTYz7DPY=
github.com/shogo82148/go-mecab v0.0.8/go.mod h1:7k+MpOStTiDo7GLjWJGvrJmlPsEipRWhsw5Mu/vUtn8=
github.com/shogo82148/ridgenative v1.5.0 h1:93zkFRr/JG1LNvqu2c3BsZhR2yv1hVaI/bFJZD2bVZo=
github.com/shogo82148/ridgenative v1.5.0/go.mod h1:PInWLpQIV0RsZI3j81ZH87hQ2knhDiMGbeDuTli3QIE=
